// !$*UTF8*$!
{
	archiveVersion = 1;
	classes = {
	};
	objectVersion = 50;
	objects = {

/* Begin PBXBuildFile section */
		10334487268B4D5100E57A97 /* AppDelegate.swift in Sources */ = {isa = PBXBuildFile; fileRef = 10334486268B4D5100E57A97 /* AppDelegate.swift */; };
		10334489268B4D5100E57A97 /* SceneDelegate.swift in Sources */ = {isa = PBXBuildFile; fileRef = 10334488268B4D5100E57A97 /* SceneDelegate.swift */; };
		1033448B268B4D5100E57A97 /* ViewController.swift in Sources */ = {isa = PBXBuildFile; fileRef = 1033448A268B4D5100E57A97 /* ViewController.swift */; };
		1033448E268B4D5100E57A97 /* Main.storyboard in Resources */ = {isa = PBXBuildFile; fileRef = 1033448C268B4D5100E57A97 /* Main.storyboard */; };
		10334490268B4D5400E57A97 /* Assets.xcassets in Resources */ = {isa = PBXBuildFile; fileRef = 1033448F268B4D5400E57A97 /* Assets.xcassets */; };
		10334493268B4D5400E57A97 /* LaunchScreen.storyboard in Resources */ = {isa = PBXBuildFile; fileRef = 10334491268B4D5400E57A97 /* LaunchScreen.storyboard */; };
		1033449C268B4ECD00E57A97 /* DetailViewController.swift in Sources */ = {isa = PBXBuildFile; fileRef = 1033449B268B4ECD00E57A97 /* DetailViewController.swift */; };
/* End PBXBuildFile section */

/* Begin PBXFileReference section */
		10334483268B4D5100E57A97 /* FlagViewer-P3.app */ = {isa = PBXFileReference; explicitFileType = wrapper.application; includeInIndex = 0; path = "FlagViewer-P3.app"; sourceTree = BUILT_PRODUCTS_DIR; };
		10334486268B4D5100E57A97 /* AppDelegate.swift */ = {isa = PBXFileReference; lastKnownFileType = sourcecode.swift; path = AppDelegate.swift; sourceTree = "<group>"; };
		10334488268B4D5100E57A97 /* SceneDelegate.swift */ = {isa = PBXFileReference; lastKnownFileType = sourcecode.swift; path = SceneDelegate.swift; sourceTree = "<group>"; };
		1033448A268B4D5100E57A97 /* ViewController.swift */ = {isa = PBXFileReference; lastKnownFileType = sourcecode.swift; path = ViewController.swift; sourceTree = "<group>"; };
		1033448D268B4D5100E57A97 /* Base */ = {isa = PBXFileReference; lastKnownFileType = file.storyboard; name = Base; path = Base.lproj/Main.storyboard; sourceTree = "<group>"; };
		1033448F268B4D5400E57A97 /* Assets.xcassets */ = {isa = PBXFileReference; lastKnownFileType = folder.assetcatalog; path = Assets.xcassets; sourceTree = "<group>"; };
		10334492268B4D5400E57A97 /* Base */ = {isa = PBXFileReference; lastKnownFileType = file.storyboard; name = Base; path = Base.lproj/LaunchScreen.storyboard; sourceTree = "<group>"; };
		10334494268B4D5400E57A97 /* Info.plist */ = {isa = PBXFileReference; lastKnownFileType = text.plist.xml; path = Info.plist; sourceTree = "<group>"; };
		1033449B268B4ECD00E57A97 /* DetailViewController.swift */ = {isa = PBXFileReference; lastKnownFileType = sourcecode.swift; path = DetailViewController.swift; sourceTree = "<group>"; };
/* End PBXFileReference section */

/* Begin PBXFrameworksBuildPhase section */
		10334480268B4D5100E57A97 /* Frameworks */ = {
			isa = PBXFrameworksBuildPhase;
			buildActionMask = 2147483647;
			files = (
			);
			runOnlyForDeploymentPostprocessing = 0;
		};
/* End PBXFrameworksBuildPhase section */

/* Begin PBXGroup section */
		1033447A268B4D5100E57A97 = {
			isa = PBXGroup;
			children = (
				10334485268B4D5100E57A97 /* FlagViewer-P3 */,
				10334484268B4D5100E57A97 /* Products */,
			);
			sourceTree = "<group>";
		};
		10334484268B4D5100E57A97 /* Products */ = {
			isa = PBXGroup;
			children = (
				10334483268B4D5100E57A97 /* FlagViewer-P3.app */,
			);
			name = Products;
			sourceTree = "<group>";
		};
		10334485268B4D5100E57A97 /* FlagViewer-P3 */ = {
			isa = PBXGroup;
			children = (
				10334486268B4D5100E57A97 /* AppDelegate.swift */,
				10334488268B4D5100E57A97 /* SceneDelegate.swift */,
				1033448A268B4D5100E57A97 /* ViewController.swift */,
				1033449B268B4ECD00E57A97 /* DetailViewController.swift */,
				1033448C268B4D5100E57A97 /* Main.storyboard */,
				1033448F268B4D5400E57A97 /* Assets.xcassets */,
				10334491268B4D5400E57A97 /* LaunchScreen.storyboard */,
				10334494268B4D5400E57A97 /* Info.plist */,
			);
			path = "FlagViewer-P3";
			sourceTree = "<group>";
		};
/* End PBXGroup section */

/* Begin PBXNativeTarget section */
		10334482268B4D5100E57A97 /* FlagViewer-P3 */ = {
			isa = PBXNativeTarget;
			buildConfigurationList = 10334497268B4D5400E57A97 /* Build configuration list for PBXNativeTarget "FlagViewer-P3" */;
			buildPhases = (
				1033447F268B4D5100E57A97 /* Sources */,
				10334480268B4D5100E57A97 /* Frameworks */,
				10334481268B4D5100E57A97 /* Resources */,
			);
			buildRules = (
			);
			dependencies = (
			);
			name = "FlagViewer-P3";
			productName = "FlagViewer-P3";
			productReference = 10334483268B4D5100E57A97 /* FlagViewer-P3.app */;
			productType = "com.apple.product-type.application";
		};
/* End PBXNativeTarget section */

/* Begin PBXProject section */
		1033447B268B4D5100E57A97 /* Project object */ = {
			isa = PBXProject;
			attributes = {
				LastSwiftUpdateCheck = 1240;
				LastUpgradeCheck = 1240;
				TargetAttributes = {
					10334482268B4D5100E57A97 = {
						CreatedOnToolsVersion = 12.4;
					};
				};
			};
			buildConfigurationList = 1033447E268B4D5100E57A97 /* Build configuration list for PBXProject "FlagViewer-P3" */;
			compatibilityVersion = "Xcode 9.3";
			developmentRegion = en;
			hasScannedForEncodings = 0;
			knownRegions = (
				en,
				Base,
			);
			mainGroup = 1033447A268B4D5100E57A97;
			productRefGroup = 10334484268B4D5100E57A97 /* Products */;
			projectDirPath = "";
			projectRoot = "";
			targets = (
				10334482268B4D5100E57A97 /* FlagViewer-P3 */,
			);
		};
/* End PBXProject section */

/* Begin PBXResourcesBuildPhase section */
		10334481268B4D5100E57A97 /* Resources */ = {
			isa = PBXResourcesBuildPhase;
			buildActionMask = 2147483647;
			files = (
				10334493268B4D5400E57A97 /* LaunchScreen.storyboard in Resources */,
				10334490268B4D5400E57A97 /* Assets.xcassets in Resources */,
				1033448E268B4D5100E57A97 /* Main.storyboard in Resources */,
			);
			runOnlyForDeploymentPostprocessing = 0;
		};
/* End PBXResourcesBuildPhase section */

/* Begin PBXSourcesBuildPhase section */
		1033447F268B4D5100E57A97 /* Sources */ = {
			isa = PBXSourcesBuildPhase;
			buildActionMask = 2147483647;
			files = (
				1033448B268B4D5100E57A97 /* ViewController.swift in Sources */,
				10334487268B4D5100E57A97 /* AppDelegate.swift in Sources */,
				10334489268B4D5100E57A97 /* SceneDelegate.swift in Sources */,
				1033449C268B4ECD00E57A97 /* DetailViewController.swift in Sources */,
			);
			runOnlyForDeploymentPostprocessing = 0;
		};
/* End PBXSourcesBuildPhase section */

/* Begin PBXVariantGroup section */
		1033448C268B4D5100E57A97 /* Main.storyboard */ = {
			isa = PBXVariantGroup;
			children = (
				1033448D268B4D5100E57A97 /* Base */,
			);
			name = Main.storyboard;
			sourceTree = "<group>";
		};
		10334491268B4D5400E57A97 /* LaunchScreen.storyboard */ = {
			isa = PBXVariantGroup;
			children = (
				10334492268B4D5400E57A97 /* Base */,
			);
			name = LaunchScreen.storyboard;
			sourceTree = "<group>";
		};
/* End PBXVariantGroup section */

/* Begin XCBuildConfiguration section */
		10334495268B4D5400E57A97 /* Debug */ = {
			isa = XCBuildConfiguration;
			buildSettings = {
				ALWAYS_SEARCH_USER_PATHS = NO;
				CLANG_ANALYZER_NONNULL = YES;
				CLANG_ANALYZER_NUMBER_OBJECT_CONVERSION = YES_AGGRESSIVE;
				CLANG_CXX_LANGUAGE_STANDARD = "gnu++14";
				CLANG_CXX_LIBRARY = "libc++";
				CLANG_ENABLE_MODULES = YES;
				CLANG_ENABLE_OBJC_ARC = YES;
				CLANG_ENABLE_OBJC_WEAK = YES;
				CLANG_WARN_BLOCK_CAPTURE_AUTORELEASING = YES;
				CLANG_WARN_BOOL_CONVERSION = YES;
				CLANG_WARN_COMMA = YES;
				CLANG_WARN_CONSTANT_CONVERSION = YES;
				CLANG_WARN_DEPRECATED_OBJC_IMPLEMENTATIONS = YES;
				CLANG_WARN_DIRECT_OBJC_ISA_USAGE = YES_ERROR;
				CLANG_WARN_DOCUMENTATION_COMMENTS = YES;
				CLANG_WARN_EMPTY_BODY = YES;
				CLANG_WARN_ENUM_CONVERSION = YES;
				CLANG_WARN_INFINITE_RECURSION = YES;
				CLANG_WARN_INT_CONVERSION = YES;
				CLANG_WARN_NON_LITERAL_NULL_CONVERSION = YES;
				CLANG_WARN_OBJC_IMPLICIT_RETAIN_SELF = YES;
				CLANG_WARN_OBJC_LITERAL_CONVERSION = YES;
				CLANG_WARN_OBJC_ROOT_CLASS = YES_ERROR;
				CLANG_WARN_QUOTED_INCLUDE_IN_FRAMEWORK_HEADER = YES;
				CLANG_WARN_RANGE_LOOP_ANALYSIS = YES;
				CLANG_WARN_STRICT_PROTOTYPES = YES;
				CLANG_WARN_SUSPICIOUS_MOVE = YES;
				CLANG_WARN_UNGUARDED_AVAILABILITY = YES_AGGRESSIVE;
				CLANG_WARN_UNREACHABLE_CODE = YES;
				CLANG_WARN__DUPLICATE_METHOD_MATCH = YES;
				COPY_PHASE_STRIP = NO;
				DEBUG_INFORMATION_FORMAT = dwarf;
				ENABLE_STRICT_OBJC_MSGSEND = YES;
				ENABLE_TESTABILITY = YES;
				GCC_C_LANGUAGE_STANDARD = gnu11;
				GCC_DYNAMIC_NO_PIC = NO;
				GCC_NO_COMMON_BLOCKS = YES;
				GCC_OPTIMIZATION_LEVEL = 0;
				GCC_PREPROCESSOR_DEFINITIONS = (
					"DEBUG=1",
					"$(inherited)",
				);
				GCC_WARN_64_TO_32_BIT_CONVERSION = YES;
				GCC_WARN_ABOUT_RETURN_TYPE = YES_ERROR;
				GCC_WARN_UNDECLARED_SELECTOR = YES;
				GCC_WARN_UNINITIALIZED_AUTOS = YES_AGGRESSIVE;
				GCC_WARN_UNUSED_FUNCTION = YES;
				GCC_WARN_UNUSED_VARIABLE = YES;
				IPHONEOS_DEPLOYMENT_TARGET = 14.4;
				MTL_ENABLE_DEBUG_INFO = INCLUDE_SOURCE;
				MTL_FAST_MATH = YES;
				ONLY_ACTIVE_ARCH = YES;
				SDKROOT = iphoneos;
				SWIFT_ACTIVE_COMPILATION_CONDITIONS = DEBUG;
				SWIFT_OPTIMIZATION_LEVEL = "-Onone";
			};
			name = Debug;
		};
		10334496268B4D5400E57A97 /* Release */ = {
			isa = XCBuildConfiguration;
			buildSettings = {
				ALWAYS_SEARCH_USER_PATHS = NO;
				CLANG_ANALYZER_NONNULL = YES;
				CLANG_ANALYZER_NUMBER_OBJECT_CONVERSION = YES_AGGRESSIVE;
				CLANG_CXX_LANGUAGE_STANDARD = "gnu++14";
				CLANG_CXX_LIBRARY = "libc++";
				CLANG_ENABLE_MODULES = YES;
				CLANG_ENABLE_OBJC_ARC = YES;
				CLANG_ENABLE_OBJC_WEAK = YES;
				CLANG_WARN_BLOCK_CAPTURE_AUTORELEASING = YES;
				CLANG_WARN_BOOL_CONVERSION = YES;
				CLANG_WARN_COMMA = YES;
				CLANG_WARN_CONSTANT_CONVERSION = YES;
				CLANG_WARN_DEPRECATED_OBJC_IMPLEMENTATIONS = YES;
				CLANG_WARN_DIRECT_OBJC_ISA_USAGE = YES_ERROR;
				CLANG_WARN_DOCUMENTATION_COMMENTS = YES;
				CLANG_WARN_EMPTY_BODY = YES;
				CLANG_WARN_ENUM_CONVERSION = YES;
				CLANG_WARN_INFINITE_RECURSION = YES;
				CLANG_WARN_INT_CONVERSION = YES;
				CLANG_WARN_NON_LITERAL_NULL_CONVERSION = YES;
				CLANG_WARN_OBJC_IMPLICIT_RETAIN_SELF = YES;
				CLANG_WARN_OBJC_LITERAL_CONVERSION = YES;
				CLANG_WARN_OBJC_ROOT_CLASS = YES_ERROR;
				CLANG_WARN_QUOTED_INCLUDE_IN_FRAMEWORK_HEADER = YES;
				CLANG_WARN_RANGE_LOOP_ANALYSIS = YES;
				CLANG_WARN_STRICT_PROTOTYPES = YES;
				CLANG_WARN_SUSPICIOUS_MOVE = YES;
				CLANG_WARN_UNGUARDED_AVAILABILITY = YES_AGGRESSIVE;
				CLANG_WARN_UNREACHABLE_CODE = YES;
				CLANG_WARN__DUPLICATE_METHOD_MATCH = YES;
				COPY_PHASE_STRIP = NO;
				DEBUG_INFORMATION_FORMAT = "dwarf-with-dsym";
				ENABLE_NS_ASSERTIONS = NO;
				ENABLE_STRICT_OBJC_MSGSEND = YES;
				GCC_C_LANGUAGE_STANDARD = gnu11;
				GCC_NO_COMMON_BLOCKS = YES;
				GCC_WARN_64_TO_32_BIT_CONVERSION = YES;
				GCC_WARN_ABOUT_RETURN_TYPE = YES_ERROR;
				GCC_WARN_UNDECLARED_SELECTOR = YES;
				GCC_WARN_UNINITIALIZED_AUTOS = YES_AGGRESSIVE;
				GCC_WARN_UNUSED_FUNCTION = YES;
				GCC_WARN_UNUSED_VARIABLE = YES;
				IPHONEOS_DEPLOYMENT_TARGET = 14.4;
				MTL_ENABLE_DEBUG_INFO = NO;
				MTL_FAST_MATH = YES;
				SDKROOT = iphoneos;
				SWIFT_COMPILATION_MODE = wholemodule;
				SWIFT_OPTIMIZATION_LEVEL = "-O";
				VALIDATE_PRODUCT = YES;
			};
			name = Release;
		};
		10334498268B4D5400E57A97 /* Debug */ = {
			isa = XCBuildConfiguration;
			buildSettings = {
				ASSETCATALOG_COMPILER_APPICON_NAME = AppIcon;
				ASSETCATALOG_COMPILER_GLOBAL_ACCENT_COLOR_NAME = AccentColor;
				CODE_SIGN_STYLE = Automatic;
				DEVELOPMENT_TEAM = K88U6586P3;
				INFOPLIST_FILE = "FlagViewer-P3/Info.plist";
				LD_RUNPATH_SEARCH_PATHS = (
					"$(inherited)",
					"@executable_path/Frameworks",
				);
				PRODUCT_BUNDLE_IDENTIFIER = "LN.FlagViewer-P3";
				PRODUCT_NAME = "$(TARGET_NAME)";
				SWIFT_VERSION = 5.0;
				TARGETED_DEVICE_FAMILY = "1,2";
			};
			name = Debug;
		};
		10334499268B4D5400E57A97 /* Release */ = {
			isa = XCBuildConfiguration;
			buildSettings = {
				ASSETCATALOG_COMPILER_APPICON_NAME = AppIcon;
				ASSETCATALOG_COMPILER_GLOBAL_ACCENT_COLOR_NAME = AccentColor;
				CODE_SIGN_STYLE = Automatic;
				DEVELOPMENT_TEAM = K88U6586P3;
				INFOPLIST_FILE = "FlagViewer-P3/Info.plist";
				LD_RUNPATH_SEARCH_PATHS = (
					"$(inherited)",
					"@executable_path/Frameworks",
				);
				PRODUCT_BUNDLE_IDENTIFIER = "LN.FlagViewer-P3";
				PRODUCT_NAME = "$(TARGET_NAME)";
				SWIFT_VERSION = 5.0;
				TARGETED_DEVICE_FAMILY = "1,2";
			};
			name = Release;
		};
/* End XCBuildConfiguration section */

/* Begin XCConfigurationList section */
		1033447E268B4D5100E57A97 /* Build configuration list for PBXProject "FlagViewer-P3" */ = {
			isa = XCConfigurationList;
			buildConfigurations = (
				10334495268B4D5400E57A97 /* Debug */,
				10334496268B4D5400E57A97 /* Release */,
			);
			defaultConfigurationIsVisible = 0;
			defaultConfigurationName = Release;
		};
		10334497268B4D5400E57A97 /* Build configuration list for PBXNativeTarget "FlagViewer-P3" */ = {
			isa = XCConfigurationList;
			buildConfigurations = (
				10334498268B4D5400E57A97 /* Debug */,
				10334499268B4D5400E57A97 /* Release */,
			);
			defaultConfigurationIsVisible = 0;
			defaultConfigurationName = Release;
		};
/* End XCConfigurationList section */
	};
	rootObject = 1033447B268B4D5100E57A97 /* Project object */;
}
